
Microsoft Visual Studio Solution File, Format Version 12.00
Project("{FAE04EC0-301F-11D3-BF4B-00C04F79EFBC}") = "Learning", "Learning\Learning.csproj", "{EC42AD00-A99E-41C3-8908-43A411C59D0C}"
EndProject
Global
	GlobalSection(SolutionConfigurationPlatforms) = preSolution
		Debug|Any CPU = Debug|Any CPU
		Release|Any CPU = Release|Any CPU
	EndGlobalSection
	GlobalSection(ProjectConfigurationPlatforms) = postSolution
		{EC42AD00-A99E-41C3-8908-43A411C59D0C}.Debug|Any CPU.ActiveCfg = Debug|Any CPU
		{EC42AD00-A99E-41C3-8908-43A411C59D0C}.Debug|Any CPU.Build.0 = Debug|Any CPU
		{EC42AD00-A99E-41C3-8908-43A411C59D0C}.Release|Any CPU.ActiveCfg = Release|Any CPU
		{EC42AD00-A99E-41C3-8908-43A411C59D0C}.Release|Any CPU.Build.0 = Release|Any CPU
	EndGlobalSection
EndGlobal
